// !$*UTF8*$!
{
	archiveVersion = 1;
	classes = {
	};
	objectVersion = 56;
	objects = {

/* Begin PBXBuildFile section */
		796F21D42CA540320073396D /* manarApp.swift in Sources */ = {isa = PBXBuildFile; fileRef = 796F21D32CA540320073396D /* manarApp.swift */; };
		796F21D62CA540320073396D /* ContentView.swift in Sources */ = {isa = PBXBuildFile; fileRef = 796F21D52CA540320073396D /* ContentView.swift */; };
		796F21D82CA540330073396D /* Assets.xcassets in Resources */ = {isa = PBXBuildFile; fileRef = 796F21D72CA540330073396D /* Assets.xcassets */; };
		796F21DB2CA540330073396D /* Preview Assets.xcassets in Resources */ = {isa = PBXBuildFile; fileRef = 796F21DA2CA540330073396D /* Preview Assets.xcassets */; };
		796F21E52CA540330073396D /* manarTests.swift in Sources */ = {isa = PBXBuildFile; fileRef = 796F21E42CA540330073396D /* manarTests.swift */; };
		796F21EF2CA540330073396D /* manarUITests.swift in Sources */ = {isa = PBXBuildFile; fileRef = 796F21EE2CA540330073396D /* manarUITests.swift */; };
		796F21F12CA540330073396D /* manarUITestsLaunchTests.swift in Sources */ = {isa = PBXBuildFile; fileRef = 796F21F02CA540330073396D /* manarUITestsLaunchTests.swift */; };
/* End PBXBuildFile section */

/* Begin PBXContainerItemProxy section */
		796F21E12CA540330073396D /* PBXContainerItemProxy */ = {
			isa = PBXContainerItemProxy;
			containerPortal = 796F21C82CA540320073396D /* Project object */;
			proxyType = 1;
			remoteGlobalIDString = 796F21CF2CA540320073396D;
			remoteInfo = manar;
		};
		796F21EB2CA540330073396D /* PBXContainerItemProxy */ = {
			isa = PBXContainerItemProxy;
			containerPortal = 796F21C82CA540320073396D /* Project object */;
			proxyType = 1;
			remoteGlobalIDString = 796F21CF2CA540320073396D;
			remoteInfo = manar;
		};
/* End PBXContainerItemProxy section */

/* Begin PBXFileReference section */
		796F21D02CA540320073396D /* manar.app */ = {isa = PBXFileReference; explicitFileType = wrapper.application; includeInIndex = 0; path = manar.app; sourceTree = BUILT_PRODUCTS_DIR; };
		796F21D32CA540320073396D /* manarApp.swift */ = {isa = PBXFileReference; lastKnownFileType = sourcecode.swift; path = manarApp.swift; sourceTree = "<group>"; };
		796F21D52CA540320073396D /* ContentView.swift */ = {isa = PBXFileReference; lastKnownFileType = sourcecode.swift; path = ContentView.swift; sourceTree = "<group>"; };
		796F21D72CA540330073396D /* Assets.xcassets */ = {isa = PBXFileReference; lastKnownFileType = folder.assetcatalog; path = Assets.xcassets; sourceTree = "<group>"; };
		796F21DA2CA540330073396D /* Preview Assets.xcassets */ = {isa = PBXFileReference; lastKnownFileType = folder.assetcatalog; path = "Preview Assets.xcassets"; sourceTree = "<group>"; };
		796F21E02CA540330073396D /* manarTests.xctest */ = {isa = PBXFileReference; explicitFileType = wrapper.cfbundle; includeInIndex = 0; path = manarTests.xctest; sourceTree = BUILT_PRODUCTS_DIR; };
		796F21E42CA540330073396D /* manarTests.swift */ = {isa = PBXFileReference; lastKnownFileType = sourcecode.swift; path = manarTests.swift; sourceTree = "<group>"; };
		796F21EA2CA540330073396D /* manarUITests.xctest */ = {isa = PBXFileReference; explicitFileType = wrapper.cfbundle; includeInIndex = 0; path = manarUITests.xctest; sourceTree = BUILT_PRODUCTS_DIR; };
		796F21EE2CA540330073396D /* manarUITests.swift */ = {isa = PBXFileReference; lastKnownFileType = sourcecode.swift; path = manarUITests.swift; sourceTree = "<group>"; };
		796F21F02CA540330073396D /* manarUITestsLaunchTests.swift */ = {isa = PBXFileReference; lastKnownFileType = sourcecode.swift; path = manarUITestsLaunchTests.swift; sourceTree = "<group>"; };
/* End PBXFileReference section */

/* Begin PBXFrameworksBuildPhase section */
		796F21CD2CA540320073396D /* Frameworks */ = {
			isa = PBXFrameworksBuildPhase;
			buildActionMask = 2147483647;
			files = (
			);
			runOnlyForDeploymentPostprocessing = 0;
		};
		796F21DD2CA540330073396D /* Frameworks */ = {
			isa = PBXFrameworksBuildPhase;
			buildActionMask = 2147483647;
			files = (
			);
			runOnlyForDeploymentPostprocessing = 0;
		};
		796F21E72CA540330073396D /* Frameworks */ = {
			isa = PBXFrameworksBuildPhase;
			buildActionMask = 2147483647;
			files = (
			);
			runOnlyForDeploymentPostprocessing = 0;
		};
/* End PBXFrameworksBuildPhase section */

/* Begin PBXGroup section */
		796F21C72CA540320073396D = {
			isa = PBXGroup;
			children = (
				796F21D22CA540320073396D /* manar */,
				796F21E32CA540330073396D /* manarTests */,
				796F21ED2CA540330073396D /* manarUITests */,
				796F21D12CA540320073396D /* Products */,
			);
			sourceTree = "<group>";
		};
		796F21D12CA540320073396D /* Products */ = {
			isa = PBXGroup;
			children = (
				796F21D02CA540320073396D /* manar.app */,
				796F21E02CA540330073396D /* manarTests.xctest */,
				796F21EA2CA540330073396D /* manarUITests.xctest */,
			);
			name = Products;
			sourceTree = "<group>";
		};
		796F21D22CA540320073396D /* manar */ = {
			isa = PBXGroup;
			children = (
				796F21D32CA540320073396D /* manarApp.swift */,
				796F21D52CA540320073396D /* ContentView.swift */,
				796F21D72CA540330073396D /* Assets.xcassets */,
				796F21D92CA540330073396D /* Preview Content */,
			);
			path = manar;
			sourceTree = "<group>";
		};
		796F21D92CA540330073396D /* Preview Content */ = {
			isa = PBXGroup;
			children = (
				796F21DA2CA540330073396D /* Preview Assets.xcassets */,
			);
			path = "Preview Content";
			sourceTree = "<group>";
		};
		796F21E32CA540330073396D /* manarTests */ = {
			isa = PBXGroup;
			children = (
				796F21E42CA540330073396D /* manarTests.swift */,
			);
			path = manarTests;
			sourceTree = "<group>";
		};
		796F21ED2CA540330073396D /* manarUITests */ = {
			isa = PBXGroup;
			children = (
				796F21EE2CA540330073396D /* manarUITests.swift */,
				796F21F02CA540330073396D /* manarUITestsLaunchTests.swift */,
			);
			path = manarUITests;
			sourceTree = "<group>";
		};
/* End PBXGroup section */

/* Begin PBXNativeTarget section */
		796F21CF2CA540320073396D /* manar */ = {
			isa = PBXNativeTarget;
			buildConfigurationList = 796F21F42CA540330073396D /* Build configuration list for PBXNativeTarget "manar" */;
			buildPhases = (
				796F21CC2CA540320073396D /* Sources */,
				796F21CD2CA540320073396D /* Frameworks */,
				796F21CE2CA540320073396D /* Resources */,
			);
			buildRules = (
			);
			dependencies = (
			);
			name = manar;
			productName = manar;
			productReference = 796F21D02CA540320073396D /* manar.app */;
			productType = "com.apple.product-type.application";
		};
		796F21DF2CA540330073396D /* manarTests */ = {
			isa = PBXNativeTarget;
			buildConfigurationList = 796F21F72CA540330073396D /* Build configuration list for PBXNativeTarget "manarTests" */;
			buildPhases = (
				796F21DC2CA540330073396D /* Sources */,
				796F21DD2CA540330073396D /* Frameworks */,
				796F21DE2CA540330073396D /* Resources */,
			);
			buildRules = (
			);
			dependencies = (
				796F21E22CA540330073396D /* PBXTargetDependency */,
			);
			name = manarTests;
			productName = manarTests;
			productReference = 796F21E02CA540330073396D /* manarTests.xctest */;
			productType = "com.apple.product-type.bundle.unit-test";
		};
		796F21E92CA540330073396D /* manarUITests */ = {
			isa = PBXNativeTarget;
			buildConfigurationList = 796F21FA2CA540330073396D /* Build configuration list for PBXNativeTarget "manarUITests" */;
			buildPhases = (
				796F21E62CA540330073396D /* Sources */,
				796F21E72CA540330073396D /* Frameworks */,
				796F21E82CA540330073396D /* Resources */,
			);
			buildRules = (
			);
			dependencies = (
				796F21EC2CA540330073396D /* PBXTargetDependency */,
			);
			name = manarUITests;
			productName = manarUITests;
			productReference = 796F21EA2CA540330073396D /* manarUITests.xctest */;
			productType = "com.apple.product-type.bundle.ui-testing";
		};
/* End PBXNativeTarget section */

/* Begin PBXProject section */
		796F21C82CA540320073396D /* Project object */ = {
			isa = PBXProject;
			attributes = {
				BuildIndependentTargetsInParallel = 1;
				LastSwiftUpdateCheck = 1540;
				LastUpgradeCheck = 1540;
				TargetAttributes = {
					796F21CF2CA540320073396D = {
						CreatedOnToolsVersion = 15.4;
					};
					796F21DF2CA540330073396D = {
						CreatedOnToolsVersion = 15.4;
						TestTargetID = 796F21CF2CA540320073396D;
					};
					796F21E92CA540330073396D = {
						CreatedOnToolsVersion = 15.4;
						TestTargetID = 796F21CF2CA540320073396D;
					};
				};
			};
			buildConfigurationList = 796F21CB2CA540320073396D /* Build configuration list for PBXProject "manar" */;
			compatibilityVersion = "Xcode 14.0";
			developmentRegion = en;
			hasScannedForEncodings = 0;
			knownRegions = (
				en,
				Base,
			);
			mainGroup = 796F21C72CA540320073396D;
			productRefGroup = 796F21D12CA540320073396D /* Products */;
			projectDirPath = "";
			projectRoot = "";
			targets = (
				796F21CF2CA540320073396D /* manar */,
				796F21DF2CA540330073396D /* manarTests */,
				796F21E92CA540330073396D /* manarUITests */,
			);
		};
/* End PBXProject section */

/* Begin PBXResourcesBuildPhase section */
		796F21CE2CA540320073396D /* Resources */ = {
			isa = PBXResourcesBuildPhase;
			buildActionMask = 2147483647;
			files = (
				796F21DB2CA540330073396D /* Preview Assets.xcassets in Resources */,
				796F21D82CA540330073396D /* Assets.xcassets in Resources */,
			);
			runOnlyForDeploymentPostprocessing = 0;
		};
		796F21DE2CA540330073396D /* Resources */ = {
			isa = PBXResourcesBuildPhase;
			buildActionMask = 2147483647;
			files = (
			);
			runOnlyForDeploymentPostprocessing = 0;
		};
		796F21E82CA540330073396D /* Resources */ = {
			isa = PBXResourcesBuildPhase;
			buildActionMask = 2147483647;
			files = (
			);
			runOnlyForDeploymentPostprocessing = 0;
		};
/* End PBXResourcesBuildPhase section */

/* Begin PBXSourcesBuildPhase section */
		796F21CC2CA540320073396D /* Sources */ = {
			isa = PBXSourcesBuildPhase;
			buildActionMask = 2147483647;
			files = (
				796F21D62CA540320073396D /* ContentView.swift in Sources */,
				796F21D42CA540320073396D /* manarApp.swift in Sources */,
			);
			runOnlyForDeploymentPostprocessing = 0;
		};
		796F21DC2CA540330073396D /* Sources */ = {
			isa = PBXSourcesBuildPhase;
			buildActionMask = 2147483647;
			files = (
				796F21E52CA540330073396D /* manarTests.swift in Sources */,
			);
			runOnlyForDeploymentPostprocessing = 0;
		};
		796F21E62CA540330073396D /* Sources */ = {
			isa = PBXSourcesBuildPhase;
			buildActionMask = 2147483647;
			files = (
				796F21F12CA540330073396D /* manarUITestsLaunchTests.swift in Sources */,
				796F21EF2CA540330073396D /* manarUITests.swift in Sources */,
			);
			runOnlyForDeploymentPostprocessing = 0;
		};
/* End PBXSourcesBuildPhase section */

/* Begin PBXTargetDependency section */
		796F21E22CA540330073396D /* PBXTargetDependency */ = {
			isa = PBXTargetDependency;
			target = 796F21CF2CA540320073396D /* manar */;
			targetProxy = 796F21E12CA540330073396D /* PBXContainerItemProxy */;
		};
		796F21EC2CA540330073396D /* PBXTargetDependency */ = {
			isa = PBXTargetDependency;
			target = 796F21CF2CA540320073396D /* manar */;
			targetProxy = 796F21EB2CA540330073396D /* PBXContainerItemProxy */;
		};
/* End PBXTargetDependency section */

/* Begin XCBuildConfiguration section */
		796F21F22CA540330073396D /* Debug */ = {
			isa = XCBuildConfiguration;
			buildSettings = {
				ALWAYS_SEARCH_USER_PATHS = NO;
				ASSETCATALOG_COMPILER_GENERATE_SWIFT_ASSET_SYMBOL_EXTENSIONS = YES;
				CLANG_ANALYZER_NONNULL = YES;
				CLANG_ANALYZER_NUMBER_OBJECT_CONVERSION = YES_AGGRESSIVE;
				CLANG_CXX_LANGUAGE_STANDARD = "gnu++20";
				CLANG_ENABLE_MODULES = YES;
				CLANG_ENABLE_OBJC_ARC = YES;
				CLANG_ENABLE_OBJC_WEAK = YES;
				CLANG_WARN_BLOCK_CAPTURE_AUTORELEASING = YES;
				CLANG_WARN_BOOL_CONVERSION = YES;
				CLANG_WARN_COMMA = YES;
				CLANG_WARN_CONSTANT_CONVERSION = YES;
				CLANG_WARN_DEPRECATED_OBJC_IMPLEMENTATIONS = YES;
				CLANG_WARN_DIRECT_OBJC_ISA_USAGE = YES_ERROR;
				CLANG_WARN_DOCUMENTATION_COMMENTS = YES;
				CLANG_WARN_EMPTY_BODY = YES;
				CLANG_WARN_ENUM_CONVERSION = YES;
				CLANG_WARN_INFINITE_RECURSION = YES;
				CLANG_WARN_INT_CONVERSION = YES;
				CLANG_WARN_NON_LITERAL_NULL_CONVERSION = YES;
				CLANG_WARN_OBJC_IMPLICIT_RETAIN_SELF = YES;
				CLANG_WARN_OBJC_LITERAL_CONVERSION = YES;
				CLANG_WARN_OBJC_ROOT_CLASS = YES_ERROR;
				CLANG_WARN_QUOTED_INCLUDE_IN_FRAMEWORK_HEADER = YES;
				CLANG_WARN_RANGE_LOOP_ANALYSIS = YES;
				CLANG_WARN_STRICT_PROTOTYPES = YES;
				CLANG_WARN_SUSPICIOUS_MOVE = YES;
				CLANG_WARN_UNGUARDED_AVAILABILITY = YES_AGGRESSIVE;
				CLANG_WARN_UNREACHABLE_CODE = YES;
				CLANG_WARN__DUPLICATE_METHOD_MATCH = YES;
				COPY_PHASE_STRIP = NO;
				DEBUG_INFORMATION_FORMAT = dwarf;
				ENABLE_STRICT_OBJC_MSGSEND = YES;
				ENABLE_TESTABILITY = YES;
				ENABLE_USER_SCRIPT_SANDBOXING = YES;
				GCC_C_LANGUAGE_STANDARD = gnu17;
				GCC_DYNAMIC_NO_PIC = NO;
				GCC_NO_COMMON_BLOCKS = YES;
				GCC_OPTIMIZATION_LEVEL = 0;
				GCC_PREPROCESSOR_DEFINITIONS = (
					"DEBUG=1",
					"$(inherited)",
				);
				GCC_WARN_64_TO_32_BIT_CONVERSION = YES;
				GCC_WARN_ABOUT_RETURN_TYPE = YES_ERROR;
				GCC_WARN_UNDECLARED_SELECTOR = YES;
				GCC_WARN_UNINITIALIZED_AUTOS = YES_AGGRESSIVE;
				GCC_WARN_UNUSED_FUNCTION = YES;
				GCC_WARN_UNUSED_VARIABLE = YES;
				IPHONEOS_DEPLOYMENT_TARGET = 17.5;
				LOCALIZATION_PREFERS_STRING_CATALOGS = YES;
				MTL_ENABLE_DEBUG_INFO = INCLUDE_SOURCE;
				MTL_FAST_MATH = YES;
				ONLY_ACTIVE_ARCH = YES;
				SDKROOT = iphoneos;
				SWIFT_ACTIVE_COMPILATION_CONDITIONS = "DEBUG $(inherited)";
				SWIFT_OPTIMIZATION_LEVEL = "-Onone";
			};
			name = Debug;
		};
		796F21F32CA540330073396D /* Release */ = {
			isa = XCBuildConfiguration;
			buildSettings = {
				ALWAYS_SEARCH_USER_PATHS = NO;
				ASSETCATALOG_COMPILER_GENERATE_SWIFT_ASSET_SYMBOL_EXTENSIONS = YES;
				CLANG_ANALYZER_NONNULL = YES;
				CLANG_ANALYZER_NUMBER_OBJECT_CONVERSION = YES_AGGRESSIVE;
				CLANG_CXX_LANGUAGE_STANDARD = "gnu++20";
				CLANG_ENABLE_MODULES = YES;
				CLANG_ENABLE_OBJC_ARC = YES;
				CLANG_ENABLE_OBJC_WEAK = YES;
				CLANG_WARN_BLOCK_CAPTURE_AUTORELEASING = YES;
				CLANG_WARN_BOOL_CONVERSION = YES;
				CLANG_WARN_COMMA = YES;
				CLANG_WARN_CONSTANT_CONVERSION = YES;
				CLANG_WARN_DEPRECATED_OBJC_IMPLEMENTATIONS = YES;
				CLANG_WARN_DIRECT_OBJC_ISA_USAGE = YES_ERROR;
				CLANG_WARN_DOCUMENTATION_COMMENTS = YES;
				CLANG_WARN_EMPTY_BODY = YES;
				CLANG_WARN_ENUM_CONVERSION = YES;
				CLANG_WARN_INFINITE_RECURSION = YES;
				CLANG_WARN_INT_CONVERSION = YES;
				CLANG_WARN_NON_LITERAL_NULL_CONVERSION = YES;
				CLANG_WARN_OBJC_IMPLICIT_RETAIN_SELF = YES;
				CLANG_WARN_OBJC_LITERAL_CONVERSION = YES;
				CLANG_WARN_OBJC_ROOT_CLASS = YES_ERROR;
				CLANG_WARN_QUOTED_INCLUDE_IN_FRAMEWORK_HEADER = YES;
				CLANG_WARN_RANGE_LOOP_ANALYSIS = YES;
				CLANG_WARN_STRICT_PROTOTYPES = YES;
				CLANG_WARN_SUSPICIOUS_MOVE = YES;
				CLANG_WARN_UNGUARDED_AVAILABILITY = YES_AGGRESSIVE;
				CLANG_WARN_UNREACHABLE_CODE = YES;
				CLANG_WARN__DUPLICATE_METHOD_MATCH = YES;
				COPY_PHASE_STRIP = NO;
				DEBUG_INFORMATION_FORMAT = "dwarf-with-dsym";
				ENABLE_NS_ASSERTIONS = NO;
				ENABLE_STRICT_OBJC_MSGSEND = YES;
				ENABLE_USER_SCRIPT_SANDBOXING = YES;
				GCC_C_LANGUAGE_STANDARD = gnu17;
				GCC_NO_COMMON_BLOCKS = YES;
				GCC_WARN_64_TO_32_BIT_CONVERSION = YES;
				GCC_WARN_ABOUT_RETURN_TYPE = YES_ERROR;
				GCC_WARN_UNDECLARED_SELECTOR = YES;
				GCC_WARN_UNINITIALIZED_AUTOS = YES_AGGRESSIVE;
				GCC_WARN_UNUSED_FUNCTION = YES;
				GCC_WARN_UNUSED_VARIABLE = YES;
				IPHONEOS_DEPLOYMENT_TARGET = 17.5;
				LOCALIZATION_PREFERS_STRING_CATALOGS = YES;
				MTL_ENABLE_DEBUG_INFO = NO;
				MTL_FAST_MATH = YES;
				SDKROOT = iphoneos;
				SWIFT_COMPILATION_MODE = wholemodule;
				VALIDATE_PRODUCT = YES;
			};
			name = Release;
		};
		796F21F52CA540330073396D /* Debug */ = {
			isa = XCBuildConfiguration;
			buildSettings = {
				ASSETCATALOG_COMPILER_APPICON_NAME = AppIcon;
				ASSETCATALOG_COMPILER_GLOBAL_ACCENT_COLOR_NAME = AccentColor;
				CODE_SIGN_STYLE = Automatic;
				CURRENT_PROJECT_VERSION = 1;
				DEVELOPMENT_ASSET_PATHS = "\"manar/Preview Content\"";
				ENABLE_PREVIEWS = YES;
				GENERATE_INFOPLIST_FILE = YES;
				INFOPLIST_KEY_UIApplicationSceneManifest_Generation = YES;
				INFOPLIST_KEY_UIApplicationSupportsIndirectInputEvents = YES;
				INFOPLIST_KEY_UILaunchScreen_Generation = YES;
				INFOPLIST_KEY_UISupportedInterfaceOrientations_iPad = "UIInterfaceOrientationPortrait UIInterfaceOrientationPortraitUpsideDown UIInterfaceOrientationLandscapeLeft UIInterfaceOrientationLandscapeRight";
				INFOPLIST_KEY_UISupportedInterfaceOrientations_iPhone = "UIInterfaceOrientationPortrait UIInterfaceOrientationLandscapeLeft UIInterfaceOrientationLandscapeRight";
				LD_RUNPATH_SEARCH_PATHS = (
					"$(inherited)",
					"@executable_path/Frameworks",
				);
				MARKETING_VERSION = 1.0;
				PRODUCT_BUNDLE_IDENTIFIER = manar.com.manar;
				PRODUCT_NAME = "$(TARGET_NAME)";
				SWIFT_EMIT_LOC_STRINGS = YES;
				SWIFT_VERSION = 5.0;
				TARGETED_DEVICE_FAMILY = "1,2";
			};
			name = Debug;
		};
		796F21F62CA540330073396D /* Release */ = {
			isa = XCBuildConfiguration;
			buildSettings = {
				ASSETCATALOG_COMPILER_APPICON_NAME = AppIcon;
				ASSETCATALOG_COMPILER_GLOBAL_ACCENT_COLOR_NAME = AccentColor;
				CODE_SIGN_STYLE = Automatic;
				CURRENT_PROJECT_VERSION = 1;
				DEVELOPMENT_ASSET_PATHS = "\"manar/Preview Content\"";
				ENABLE_PREVIEWS = YES;
				GENERATE_INFOPLIST_FILE = YES;
				INFOPLIST_KEY_UIApplicationSceneManifest_Generation = YES;
				INFOPLIST_KEY_UIApplicationSupportsIndirectInputEvents = YES;
				INFOPLIST_KEY_UILaunchScreen_Generation = YES;
				INFOPLIST_KEY_UISupportedInterfaceOrientations_iPad = "UIInterfaceOrientationPortrait UIInterfaceOrientationPortraitUpsideDown UIInterfaceOrientationLandscapeLeft UIInterfaceOrientationLandscapeRight";
				INFOPLIST_KEY_UISupportedInterfaceOrientations_iPhone = "UIInterfaceOrientationPortrait UIInterfaceOrientationLandscapeLeft UIInterfaceOrientationLandscapeRight";
				LD_RUNPATH_SEARCH_PATHS = (
					"$(inherited)",
					"@executable_path/Frameworks",
				);
				MARKETING_VERSION = 1.0;
				PRODUCT_BUNDLE_IDENTIFIER = manar.com.manar;
				PRODUCT_NAME = "$(TARGET_NAME)";
				SWIFT_EMIT_LOC_STRINGS = YES;
				SWIFT_VERSION = 5.0;
				TARGETED_DEVICE_FAMILY = "1,2";
			};
			name = Release;
		};
		796F21F82CA540330073396D /* Debug */ = {
			isa = XCBuildConfiguration;
			buildSettings = {
				ALWAYS_EMBED_SWIFT_STANDARD_LIBRARIES = YES;
				BUNDLE_LOADER = "$(TEST_HOST)";
				CODE_SIGN_STYLE = Automatic;
				CURRENT_PROJECT_VERSION = 1;
				GENERATE_INFOPLIST_FILE = YES;
				IPHONEOS_DEPLOYMENT_TARGET = 17.5;
				MARKETING_VERSION = 1.0;
				PRODUCT_BUNDLE_IDENTIFIER = manar.com.manarTests;
				PRODUCT_NAME = "$(TARGET_NAME)";
				SWIFT_EMIT_LOC_STRINGS = NO;
				SWIFT_VERSION = 5.0;
				TARGETED_DEVICE_FAMILY = "1,2";
				TEST_HOST = "$(BUILT_PRODUCTS_DIR)/manar.app/$(BUNDLE_EXECUTABLE_FOLDER_PATH)/manar";
			};
			name = Debug;
		};
		796F21F92CA540330073396D /* Release */ = {
			isa = XCBuildConfiguration;
			buildSettings = {
				ALWAYS_EMBED_SWIFT_STANDARD_LIBRARIES = YES;
				BUNDLE_LOADER = "$(TEST_HOST)";
				CODE_SIGN_STYLE = Automatic;
				CURRENT_PROJECT_VERSION = 1;
				GENERATE_INFOPLIST_FILE = YES;
				IPHONEOS_DEPLOYMENT_TARGET = 17.5;
				MARKETING_VERSION = 1.0;
				PRODUCT_BUNDLE_IDENTIFIER = manar.com.manarTests;
				PRODUCT_NAME = "$(TARGET_NAME)";
				SWIFT_EMIT_LOC_STRINGS = NO;
				SWIFT_VERSION = 5.0;
				TARGETED_DEVICE_FAMILY = "1,2";
				TEST_HOST = "$(BUILT_PRODUCTS_DIR)/manar.app/$(BUNDLE_EXECUTABLE_FOLDER_PATH)/manar";
			};
			name = Release;
		};
		796F21FB2CA540330073396D /* Debug */ = {
			isa = XCBuildConfiguration;
			buildSettings = {
				ALWAYS_EMBED_SWIFT_STANDARD_LIBRARIES = YES;
				CODE_SIGN_STYLE = Automatic;
				CURRENT_PROJECT_VERSION = 1;
				GENERATE_INFOPLIST_FILE = YES;
				MARKETING_VERSION = 1.0;
				PRODUCT_BUNDLE_IDENTIFIER = manar.com.manarUITests;
				PRODUCT_NAME = "$(TARGET_NAME)";
				SWIFT_EMIT_LOC_STRINGS = NO;
				SWIFT_VERSION = 5.0;
				TARGETED_DEVICE_FAMILY = "1,2";
				TEST_TARGET_NAME = manar;
			};
			name = Debug;
		};
		796F21FC2CA540330073396D /* Release */ = {
			isa = XCBuildConfiguration;
			buildSettings = {
				ALWAYS_EMBED_SWIFT_STANDARD_LIBRARIES = YES;
				CODE_SIGN_STYLE = Automatic;
				CURRENT_PROJECT_VERSION = 1;
				GENERATE_INFOPLIST_FILE = YES;
				MARKETING_VERSION = 1.0;
				PRODUCT_BUNDLE_IDENTIFIER = manar.com.manarUITests;
				PRODUCT_NAME = "$(TARGET_NAME)";
				SWIFT_EMIT_LOC_STRINGS = NO;
				SWIFT_VERSION = 5.0;
				TARGETED_DEVICE_FAMILY = "1,2";
				TEST_TARGET_NAME = manar;
			};
			name = Release;
		};
/* End XCBuildConfiguration section */

/* Begin XCConfigurationList section */
		796F21CB2CA540320073396D /* Build configuration list for PBXProject "manar" */ = {
			isa = XCConfigurationList;
			buildConfigurations = (
				796F21F22CA540330073396D /* Debug */,
				796F21F32CA540330073396D /* Release */,
			);
			defaultConfigurationIsVisible = 0;
			defaultConfigurationName = Release;
		};
		796F21F42CA540330073396D /* Build configuration list for PBXNativeTarget "manar" */ = {
			isa = XCConfigurationList;
			buildConfigurations = (
				796F21F52CA540330073396D /* Debug */,
				796F21F62CA540330073396D /* Release */,
			);
			defaultConfigurationIsVisible = 0;
			defaultConfigurationName = Release;
		};
		796F21F72CA540330073396D /* Build configuration list for PBXNativeTarget "manarTests" */ = {
			isa = XCConfigurationList;
			buildConfigurations = (
				796F21F82CA540330073396D /* Debug */,
				796F21F92CA540330073396D /* Release */,
			);
			defaultConfigurationIsVisible = 0;
			defaultConfigurationName = Release;
		};
		796F21FA2CA540330073396D /* Build configuration list for PBXNativeTarget "manarUITests" */ = {
			isa = XCConfigurationList;
			buildConfigurations = (
				796F21FB2CA540330073396D /* Debug */,
				796F21FC2CA540330073396D /* Release */,
			);
			defaultConfigurationIsVisible = 0;
			defaultConfigurationName = Release;
		};
/* End XCConfigurationList section */
	};
	rootObject = 796F21C82CA540320073396D /* Project object */;
}
